{
  "version": 4,
  "terraform_version": "0.12.23",
  "serial": 73,
  "lineage": "d0403845-bb0f-2549-c187-6c5648c453a2",
  "outputs": {},
  "resources": [
    {
      "mode": "managed",
      "type": "aws_eip",
      "name": "default",
      "provider": "provider.aws",
      "instances": [
        {
          "schema_version": 0,
          "attributes": {
            "allocation_id": null,
            "associate_with_private_ip": null,
            "association_id": "eipassoc-07e18542263d52622",
            "carrier_ip": "",
            "customer_owned_ip": "",
            "customer_owned_ipv4_pool": "",
            "domain": "vpc",
            "id": "eipalloc-09339ea061c8459ab",
            "instance": "i-050b519f4ff165a26",
            "network_border_group": "us-east-1",
            "network_interface": "eni-0b771c2030aa1314a",
            "private_dns": "ip-172-31-90-129.ec2.internal",
            "private_ip": "172.31.90.129",
            "public_dns": "ec2-34-200-128-142.compute-1.amazonaws.com",
            "public_ip": "34.200.128.142",
            "public_ipv4_pool": "amazon",
            "tags": null,
            "timeouts": null,
            "vpc": true
          },
          "private": "eyJlMmJmYjczMC1lY2FhLTExZTYtOGY4OC0zNDM2M2JjN2M0YzAiOnsiZGVsZXRlIjoxODAwMDAwMDAwMDAsInJlYWQiOjkwMDAwMDAwMDAwMCwidXBkYXRlIjozMDAwMDAwMDAwMDB9fQ==",
          "dependencies": [
            "aws_iam_instance_profile.role-instance-profile",
            "aws_iam_role.role-k8s-s3",
            "aws_instance.rancher-elb-01",
            "aws_s3_bucket.k8s-s3-rancher",
            "aws_security_group.sg-rancher",
            "aws_security_group.sg-rancher-id"
          ]
        }
      ]
    },
    {
      "mode": "managed",
      "type": "aws_iam_instance_profile",
      "name": "role-instance-profile",
      "provider": "provider.aws",
      "instances": [
        {
          "schema_version": 0,
          "attributes": {
            "arn": "arn:aws:iam::903866160115:instance-profile/Role-Instance-Kubernetes-Rancher",
            "create_date": "2021-05-20T23:08:45Z",
            "id": "Role-Instance-Kubernetes-Rancher",
            "name": "Role-Instance-Kubernetes-Rancher",
            "name_prefix": null,
            "path": "/",
            "role": "Role-xxxxxxs3-k8s-rancher-dev",
            "tags": null,
            "unique_id": "AIPA5E4U7CPZ54WW35X2B"
          },
          "private": "bnVsbA==",
          "dependencies": [
            "aws_iam_role.role-k8s-s3",
            "aws_s3_bucket.k8s-s3-rancher"
          ]
        }
      ]
    },
    {
      "mode": "managed",
      "type": "aws_iam_role",
      "name": "role-k8s-s3",
      "provider": "provider.aws",
      "instances": [
        {
          "schema_version": 0,
          "attributes": {
            "arn": "arn:aws:iam::903866160115:role/Role-xxxxxxs3-k8s-rancher-dev",
            "assume_role_policy": "{\"Version\":\"2012-10-17\",\"Statement\":[{\"Sid\":\"\",\"Effect\":\"Allow\",\"Principal\":{\"Service\":\"ec2.amazonaws.com\"},\"Action\":\"sts:AssumeRole\"}]}",
            "create_date": "2021-05-20T23:08:43Z",
            "description": "",
            "force_detach_policies": false,
            "id": "Role-xxxxxxs3-k8s-rancher-dev",
            "inline_policy": [
              {
                "name": "",
                "policy": ""
              }
            ],
            "managed_policy_arns": [],
            "max_session_duration": 3600,
            "name": "Role-xxxxxxs3-k8s-rancher-dev",
            "name_prefix": null,
            "path": "/",
            "permissions_boundary": null,
            "tags": null,
            "unique_id": "AROA5E4U7CPZRIPYWD3T2"
          },
          "private": "bnVsbA==",
          "dependencies": [
            "aws_s3_bucket.k8s-s3-rancher"
          ]
        }
      ]
    },
    {
      "mode": "managed",
      "type": "aws_iam_role_policy",
      "name": "policy-k8s-s3",
      "provider": "provider.aws",
      "instances": [
        {
          "schema_version": 0,
          "attributes": {
            "id": "Role-xxxxxxs3-k8s-rancher-dev:Policy-xxxxxxs3-k8s-rancher-dev",
            "name": "Policy-xxxxxxs3-k8s-rancher-dev",
            "name_prefix": null,
            "policy": "{\n  \"Version\": \"2012-10-17\",\n  \"Statement\": [\n    {\n      \"Action\": [\n        \"s3:*\"\n      ],\n      \"Effect\": \"Allow\",\n      \"Resource\": [ \n          \"arn:aws:s3:::xxxxxxs3-k8s-rancher-dev\",\n          \"arn:aws:s3:::xxxxxxs3-k8s-rancher-dev/*\"\n      ]\n    }\n  ]\n}\n",
            "role": "Role-xxxxxxs3-k8s-rancher-dev"
          },
          "private": "bnVsbA==",
          "dependencies": [
            "aws_iam_role.role-k8s-s3",
            "aws_s3_bucket.k8s-s3-rancher"
          ]
        }
      ]
    },
    {
      "mode": "managed",
      "type": "aws_instance",
      "name": "rancher-elb-01",
      "provider": "provider.aws",
      "instances": [
        {
          "schema_version": 1,
          "attributes": {
            "ami": "ami-09e67e426f25ce0d7",
            "arn": "arn:aws:ec2:us-east-1:903866160115:instance/i-050b519f4ff165a26",
            "associate_public_ip_address": true,
            "availability_zone": "us-east-1b",
            "cpu_core_count": 1,
            "cpu_threads_per_core": 1,
            "credit_specification": [
              {
                "cpu_credits": "standard"
              }
            ],
            "disable_api_termination": false,
            "ebs_block_device": [],
            "ebs_optimized": false,
            "enclave_options": [
              {
                "enabled": false
              }
            ],
            "ephemeral_block_device": [],
            "get_password_data": false,
            "hibernation": false,
            "host_id": null,
            "iam_instance_profile": "Role-Instance-Kubernetes-Rancher",
            "id": "i-050b519f4ff165a26",
            "instance_initiated_shutdown_behavior": null,
            "instance_state": "running",
            "instance_type": "t2.micro",
            "ipv6_address_count": 0,
            "ipv6_addresses": [],
            "key_name": "rodrigofrsppk",
            "metadata_options": [
              {
                "http_endpoint": "enabled",
                "http_put_response_hop_limit": 1,
                "http_tokens": "optional"
              }
            ],
            "monitoring": false,
            "network_interface": [],
            "outpost_arn": "",
            "password_data": "",
            "placement_group": "",
            "primary_network_interface_id": "eni-0b771c2030aa1314a",
            "private_dns": "ip-172-31-90-129.ec2.internal",
            "private_ip": "172.31.90.129",
            "public_dns": "ec2-3-82-193-217.compute-1.amazonaws.com",
            "public_ip": "3.82.193.217",
            "root_block_device": [
              {
                "delete_on_termination": true,
                "device_name": "/dev/sda1",
                "encrypted": false,
                "iops": 100,
                "kms_key_id": "",
                "tags": {},
                "throughput": 0,
                "volume_id": "vol-06efbfa45aa3d71b6",
                "volume_size": 8,
                "volume_type": "gp2"
              }
            ],
            "secondary_private_ips": [],
            "security_groups": [
              "sg_k8s",
              "sg_k8s_id"
            ],
            "source_dest_check": true,
            "subnet_id": "subnet-2f730f0e",
            "tags": {
              "Ambiente": "PROD",
              "CR": "XXXXXXXXXXXXXX",
              "Funcao": "ELB",
              "Name": "k8s-elb-01",
              "Onwer": "AlgarTech - CCoE",
              "Projeto": "Plataforma Rancher"
            },
            "tenancy": "default",
            "timeouts": null,
            "user_data": "c45f24e38a60ea4656f84bb8f06b6a2f045d6f1c",
            "user_data_base64": null,
            "volume_tags": null,
            "vpc_security_group_ids": [
              "sg-0af683caa3484decc",
              "sg-0fab31edd86d1b068"
            ]
          },
          "private": "eyJlMmJmYjczMC1lY2FhLTExZTYtOGY4OC0zNDM2M2JjN2M0YzAiOnsiY3JlYXRlIjo2MDAwMDAwMDAwMDAsImRlbGV0ZSI6MTIwMDAwMDAwMDAwMCwidXBkYXRlIjo2MDAwMDAwMDAwMDB9LCJzY2hlbWFfdmVyc2lvbiI6IjEifQ==",
          "dependencies": [
            "aws_iam_instance_profile.role-instance-profile",
            "aws_iam_role.role-k8s-s3",
            "aws_s3_bucket.k8s-s3-rancher",
            "aws_security_group.sg-rancher",
            "aws_security_group.sg-rancher-id"
          ]
        }
      ]
    },
    {
      "mode": "managed",
      "type": "aws_instance",
      "name": "rancher-master-01",
      "provider": "provider.aws",
      "instances": [
        {
          "schema_version": 1,
          "attributes": {
            "ami": "ami-09e67e426f25ce0d7",
            "arn": "arn:aws:ec2:us-east-1:903866160115:instance/i-0d2148bd87ac02a61",
            "associate_public_ip_address": true,
            "availability_zone": "us-east-1b",
            "cpu_core_count": 1,
            "cpu_threads_per_core": 2,
            "credit_specification": [
              {
                "cpu_credits": "unlimited"
              }
            ],
            "disable_api_termination": false,
            "ebs_block_device": [],
            "ebs_optimized": false,
            "enclave_options": [
              {
                "enabled": false
              }
            ],
            "ephemeral_block_device": [],
            "get_password_data": false,
            "hibernation": false,
            "host_id": null,
            "iam_instance_profile": "Role-Instance-Kubernetes-Rancher",
            "id": "i-0d2148bd87ac02a61",
            "instance_initiated_shutdown_behavior": null,
            "instance_state": "running",
            "instance_type": "t3a.medium",
            "ipv6_address_count": 0,
            "ipv6_addresses": [],
            "key_name": "rodrigofrsppk",
            "metadata_options": [
              {
                "http_endpoint": "enabled",
                "http_put_response_hop_limit": 1,
                "http_tokens": "optional"
              }
            ],
            "monitoring": false,
            "network_interface": [],
            "outpost_arn": "",
            "password_data": "",
            "placement_group": "",
            "primary_network_interface_id": "eni-05031e9d33e9a78d0",
            "private_dns": "ip-172-31-87-97.ec2.internal",
            "private_ip": "172.31.87.97",
            "public_dns": "ec2-54-174-86-21.compute-1.amazonaws.com",
            "public_ip": "54.174.86.21",
            "root_block_device": [
              {
                "delete_on_termination": true,
                "device_name": "/dev/sda1",
                "encrypted": false,
                "iops": 100,
                "kms_key_id": "",
                "tags": {},
                "throughput": 0,
                "volume_id": "vol-072d99cdc9c052462",
                "volume_size": 8,
                "volume_type": "gp2"
              }
            ],
            "secondary_private_ips": [],
            "security_groups": [
              "sg_k8s",
              "sg_k8s_id"
            ],
            "source_dest_check": true,
            "subnet_id": "subnet-2f730f0e",
            "tags": {
              "Ambiente": "PROD",
              "CR": "XXXXXXXXXXXXXX",
              "Funcao": "K8s Master",
              "Name": "k8s-master-01",
              "Onwer": "AlgarTech - CCoE",
              "Projeto": "Plataforma Rancher"
            },
            "tenancy": "default",
            "timeouts": null,
            "user_data": "79b48b4a278bc469576b5f9e065327477bffe6a3",
            "user_data_base64": null,
            "volume_tags": null,
            "vpc_security_group_ids": [
              "sg-0af683caa3484decc",
              "sg-0fab31edd86d1b068"
            ]
          },
          "private": "eyJlMmJmYjczMC1lY2FhLTExZTYtOGY4OC0zNDM2M2JjN2M0YzAiOnsiY3JlYXRlIjo2MDAwMDAwMDAwMDAsImRlbGV0ZSI6MTIwMDAwMDAwMDAwMCwidXBkYXRlIjo2MDAwMDAwMDAwMDB9LCJzY2hlbWFfdmVyc2lvbiI6IjEifQ==",
          "dependencies": [
            "aws_iam_instance_profile.role-instance-profile",
            "aws_iam_role.role-k8s-s3",
            "aws_s3_bucket.k8s-s3-rancher",
            "aws_security_group.sg-rancher",
            "aws_security_group.sg-rancher-id"
          ]
        }
      ]
    },
    {
      "mode": "managed",
      "type": "aws_instance",
      "name": "rancher-master-02",
      "provider": "provider.aws",
      "instances": [
        {
          "schema_version": 1,
          "attributes": {
            "ami": "ami-09e67e426f25ce0d7",
            "arn": "arn:aws:ec2:us-east-1:903866160115:instance/i-0d44c15af486438ef",
            "associate_public_ip_address": true,
            "availability_zone": "us-east-1b",
            "cpu_core_count": 1,
            "cpu_threads_per_core": 2,
            "credit_specification": [
              {
                "cpu_credits": "unlimited"
              }
            ],
            "disable_api_termination": false,
            "ebs_block_device": [],
            "ebs_optimized": false,
            "enclave_options": [
              {
                "enabled": false
              }
            ],
            "ephemeral_block_device": [],
            "get_password_data": false,
            "hibernation": false,
            "host_id": null,
            "iam_instance_profile": "Role-Instance-Kubernetes-Rancher",
            "id": "i-0d44c15af486438ef",
            "instance_initiated_shutdown_behavior": null,
            "instance_state": "running",
            "instance_type": "t3a.medium",
            "ipv6_address_count": 0,
            "ipv6_addresses": [],
            "key_name": "rodrigofrsppk",
            "metadata_options": [
              {
                "http_endpoint": "enabled",
                "http_put_response_hop_limit": 1,
                "http_tokens": "optional"
              }
            ],
            "monitoring": false,
            "network_interface": [],
            "outpost_arn": "",
            "password_data": "",
            "placement_group": "",
            "primary_network_interface_id": "eni-06c5ca4da595a3ab5",
            "private_dns": "ip-172-31-80-245.ec2.internal",
            "private_ip": "172.31.80.245",
            "public_dns": "ec2-52-207-233-216.compute-1.amazonaws.com",
            "public_ip": "52.207.233.216",
            "root_block_device": [
              {
                "delete_on_termination": true,
                "device_name": "/dev/sda1",
                "encrypted": false,
                "iops": 100,
                "kms_key_id": "",
                "tags": {},
                "throughput": 0,
                "volume_id": "vol-01f6b130e60a29f1b",
                "volume_size": 8,
                "volume_type": "gp2"
              }
            ],
            "secondary_private_ips": [],
            "security_groups": [
              "sg_k8s",
              "sg_k8s_id"
            ],
            "source_dest_check": true,
            "subnet_id": "subnet-2f730f0e",
            "tags": {
              "Ambiente": "PROD",
              "CR": "XXXXXXXXXXXXXX",
              "Funcao": "K8s Master",
              "Name": "k8s-master-02",
              "Onwer": "AlgarTech - CCoE",
              "Projeto": "Plataforma Rancher"
            },
            "tenancy": "default",
            "timeouts": null,
            "user_data": "6389533e195f956a683520ccb3105fb78d008bbf",
            "user_data_base64": null,
            "volume_tags": null,
            "vpc_security_group_ids": [
              "sg-0af683caa3484decc",
              "sg-0fab31edd86d1b068"
            ]
          },
          "private": "eyJlMmJmYjczMC1lY2FhLTExZTYtOGY4OC0zNDM2M2JjN2M0YzAiOnsiY3JlYXRlIjo2MDAwMDAwMDAwMDAsImRlbGV0ZSI6MTIwMDAwMDAwMDAwMCwidXBkYXRlIjo2MDAwMDAwMDAwMDB9LCJzY2hlbWFfdmVyc2lvbiI6IjEifQ==",
          "dependencies": [
            "aws_iam_instance_profile.role-instance-profile",
            "aws_iam_role.role-k8s-s3",
            "aws_s3_bucket.k8s-s3-rancher",
            "aws_security_group.sg-rancher",
            "aws_security_group.sg-rancher-id"
          ]
        }
      ]
    },
    {
      "mode": "managed",
      "type": "aws_instance",
      "name": "rancher-master-03",
      "provider": "provider.aws",
      "instances": [
        {
          "schema_version": 1,
          "attributes": {
            "ami": "ami-09e67e426f25ce0d7",
            "arn": "arn:aws:ec2:us-east-1:903866160115:instance/i-08a81f10698d7f886",
            "associate_public_ip_address": true,
            "availability_zone": "us-east-1b",
            "cpu_core_count": 1,
            "cpu_threads_per_core": 2,
            "credit_specification": [
              {
                "cpu_credits": "unlimited"
              }
            ],
            "disable_api_termination": false,
            "ebs_block_device": [],
            "ebs_optimized": false,
            "enclave_options": [
              {
                "enabled": false
              }
            ],
            "ephemeral_block_device": [],
            "get_password_data": false,
            "hibernation": false,
            "host_id": null,
            "iam_instance_profile": "Role-Instance-Kubernetes-Rancher",
            "id": "i-08a81f10698d7f886",
            "instance_initiated_shutdown_behavior": null,
            "instance_state": "running",
            "instance_type": "t3a.medium",
            "ipv6_address_count": 0,
            "ipv6_addresses": [],
            "key_name": "rodrigofrsppk",
            "metadata_options": [
              {
                "http_endpoint": "enabled",
                "http_put_response_hop_limit": 1,
                "http_tokens": "optional"
              }
            ],
            "monitoring": false,
            "network_interface": [],
            "outpost_arn": "",
            "password_data": "",
            "placement_group": "",
            "primary_network_interface_id": "eni-073ad85b8369c5144",
            "private_dns": "ip-172-31-85-169.ec2.internal",
            "private_ip": "172.31.85.169",
            "public_dns": "ec2-54-210-139-84.compute-1.amazonaws.com",
            "public_ip": "54.210.139.84",
            "root_block_device": [
              {
                "delete_on_termination": true,
                "device_name": "/dev/sda1",
                "encrypted": false,
                "iops": 100,
                "kms_key_id": "",
                "tags": {},
                "throughput": 0,
                "volume_id": "vol-013033f22026e5115",
                "volume_size": 8,
                "volume_type": "gp2"
              }
            ],
            "secondary_private_ips": [],
            "security_groups": [
              "sg_k8s",
              "sg_k8s_id"
            ],
            "source_dest_check": true,
            "subnet_id": "subnet-2f730f0e",
            "tags": {
              "Ambiente": "PROD",
              "CR": "XXXXXXXXXXXXXX",
              "Funcao": "K8s Master",
              "Name": "k8s-master-03",
              "Onwer": "AlgarTech - CCoE",
              "Projeto": "Plataforma Rancher"
            },
            "tenancy": "default",
            "timeouts": null,
            "user_data": "41b21eaee64059d65b1540f00c9da476178b6971",
            "user_data_base64": null,
            "volume_tags": null,
            "vpc_security_group_ids": [
              "sg-0af683caa3484decc",
              "sg-0fab31edd86d1b068"
            ]
          },
          "private": "eyJlMmJmYjczMC1lY2FhLTExZTYtOGY4OC0zNDM2M2JjN2M0YzAiOnsiY3JlYXRlIjo2MDAwMDAwMDAwMDAsImRlbGV0ZSI6MTIwMDAwMDAwMDAwMCwidXBkYXRlIjo2MDAwMDAwMDAwMDB9LCJzY2hlbWFfdmVyc2lvbiI6IjEifQ==",
          "dependencies": [
            "aws_iam_instance_profile.role-instance-profile",
            "aws_iam_role.role-k8s-s3",
            "aws_s3_bucket.k8s-s3-rancher",
            "aws_security_group.sg-rancher",
            "aws_security_group.sg-rancher-id"
          ]
        }
      ]
    },
    {
      "mode": "managed",
      "type": "aws_instance",
      "name": "rancher-worker-01",
      "provider": "provider.aws",
      "instances": [
        {
          "schema_version": 1,
          "attributes": {
            "ami": "ami-09e67e426f25ce0d7",
            "arn": "arn:aws:ec2:us-east-1:903866160115:instance/i-0dc14377fbb8f1d4b",
            "associate_public_ip_address": true,
            "availability_zone": "us-east-1b",
            "cpu_core_count": 1,
            "cpu_threads_per_core": 2,
            "credit_specification": [
              {
                "cpu_credits": "unlimited"
              }
            ],
            "disable_api_termination": false,
            "ebs_block_device": [],
            "ebs_optimized": false,
            "enclave_options": [
              {
                "enabled": false
              }
            ],
            "ephemeral_block_device": [],
            "get_password_data": false,
            "hibernation": false,
            "host_id": null,
            "iam_instance_profile": "Role-Instance-Kubernetes-Rancher",
            "id": "i-0dc14377fbb8f1d4b",
            "instance_initiated_shutdown_behavior": null,
            "instance_state": "running",
            "instance_type": "t3a.medium",
            "ipv6_address_count": 0,
            "ipv6_addresses": [],
            "key_name": "rodrigofrsppk",
            "metadata_options": [
              {
                "http_endpoint": "enabled",
                "http_put_response_hop_limit": 1,
                "http_tokens": "optional"
              }
            ],
            "monitoring": false,
            "network_interface": [],
            "outpost_arn": "",
            "password_data": "",
            "placement_group": "",
            "primary_network_interface_id": "eni-0e923a49bed0af417",
            "private_dns": "ip-172-31-89-18.ec2.internal",
            "private_ip": "172.31.89.18",
            "public_dns": "ec2-3-89-222-45.compute-1.amazonaws.com",
            "public_ip": "3.89.222.45",
            "root_block_device": [
              {
                "delete_on_termination": true,
                "device_name": "/dev/sda1",
                "encrypted": false,
                "iops": 100,
                "kms_key_id": "",
                "tags": {},
                "throughput": 0,
                "volume_id": "vol-0dbc04dcdda66de67",
                "volume_size": 8,
                "volume_type": "gp2"
              }
            ],
            "secondary_private_ips": [],
            "security_groups": [
              "sg_k8s",
              "sg_k8s_id"
            ],
            "source_dest_check": true,
            "subnet_id": "subnet-2f730f0e",
            "tags": {
              "Ambiente": "PROD",
              "CR": "XXXXXXXXXXXXXX",
              "Funcao": "K8s Worker",
              "Name": "k8s-worker-01",
              "Onwer": "AlgarTech - CCoE",
              "Projeto": "Plataforma Rancher"
            },
            "tenancy": "default",
            "timeouts": null,
            "user_data": "f849572c554b7141f8e5e6420870401fa7cb9918",
            "user_data_base64": null,
            "volume_tags": null,
            "vpc_security_group_ids": [
              "sg-0af683caa3484decc",
              "sg-0fab31edd86d1b068"
            ]
          },
          "private": "eyJlMmJmYjczMC1lY2FhLTExZTYtOGY4OC0zNDM2M2JjN2M0YzAiOnsiY3JlYXRlIjo2MDAwMDAwMDAwMDAsImRlbGV0ZSI6MTIwMDAwMDAwMDAwMCwidXBkYXRlIjo2MDAwMDAwMDAwMDB9LCJzY2hlbWFfdmVyc2lvbiI6IjEifQ==",
          "dependencies": [
            "aws_iam_instance_profile.role-instance-profile",
            "aws_iam_role.role-k8s-s3",
            "aws_s3_bucket.k8s-s3-rancher",
            "aws_security_group.sg-rancher",
            "aws_security_group.sg-rancher-id"
          ]
        }
      ]
    },
    {
      "mode": "managed",
      "type": "aws_instance",
      "name": "rancher-worker-02",
      "provider": "provider.aws",
      "instances": [
        {
          "schema_version": 1,
          "attributes": {
            "ami": "ami-09e67e426f25ce0d7",
            "arn": "arn:aws:ec2:us-east-1:903866160115:instance/i-07f464f36f3e20d1b",
            "associate_public_ip_address": true,
            "availability_zone": "us-east-1b",
            "cpu_core_count": 1,
            "cpu_threads_per_core": 2,
            "credit_specification": [
              {
                "cpu_credits": "unlimited"
              }
            ],
            "disable_api_termination": false,
            "ebs_block_device": [],
            "ebs_optimized": false,
            "enclave_options": [
              {
                "enabled": false
              }
            ],
            "ephemeral_block_device": [],
            "get_password_data": false,
            "hibernation": false,
            "host_id": null,
            "iam_instance_profile": "Role-Instance-Kubernetes-Rancher",
            "id": "i-07f464f36f3e20d1b",
            "instance_initiated_shutdown_behavior": null,
            "instance_state": "running",
            "instance_type": "t3a.medium",
            "ipv6_address_count": 0,
            "ipv6_addresses": [],
            "key_name": "rodrigofrsppk",
            "metadata_options": [
              {
                "http_endpoint": "enabled",
                "http_put_response_hop_limit": 1,
                "http_tokens": "optional"
              }
            ],
            "monitoring": false,
            "network_interface": [],
            "outpost_arn": "",
            "password_data": "",
            "placement_group": "",
            "primary_network_interface_id": "eni-079d67521dab6b1d7",
            "private_dns": "ip-172-31-83-159.ec2.internal",
            "private_ip": "172.31.83.159",
            "public_dns": "ec2-3-94-173-23.compute-1.amazonaws.com",
            "public_ip": "3.94.173.23",
            "root_block_device": [
              {
                "delete_on_termination": true,
                "device_name": "/dev/sda1",
                "encrypted": false,
                "iops": 100,
                "kms_key_id": "",
                "tags": {},
                "throughput": 0,
                "volume_id": "vol-03861f421492f8eac",
                "volume_size": 8,
                "volume_type": "gp2"
              }
            ],
            "secondary_private_ips": [],
            "security_groups": [
              "sg_k8s",
              "sg_k8s_id"
            ],
            "source_dest_check": true,
            "subnet_id": "subnet-2f730f0e",
            "tags": {
              "Ambiente": "PROD",
              "CR": "XXXXXXXXXXXXXX",
              "Funcao": "K8s Worker",
              "Name": "k8s-worker-02",
              "Onwer": "AlgarTech - CCoE",
              "Projeto": "Plataforma Rancher"
            },
            "tenancy": "default",
            "timeouts": null,
            "user_data": "84c019c887ae21fc51b1c9f33c5036c7313c872a",
            "user_data_base64": null,
            "volume_tags": null,
            "vpc_security_group_ids": [
              "sg-0af683caa3484decc",
              "sg-0fab31edd86d1b068"
            ]
          },
          "private": "eyJlMmJmYjczMC1lY2FhLTExZTYtOGY4OC0zNDM2M2JjN2M0YzAiOnsiY3JlYXRlIjo2MDAwMDAwMDAwMDAsImRlbGV0ZSI6MTIwMDAwMDAwMDAwMCwidXBkYXRlIjo2MDAwMDAwMDAwMDB9LCJzY2hlbWFfdmVyc2lvbiI6IjEifQ==",
          "dependencies": [
            "aws_iam_instance_profile.role-instance-profile",
            "aws_iam_role.role-k8s-s3",
            "aws_s3_bucket.k8s-s3-rancher",
            "aws_security_group.sg-rancher",
            "aws_security_group.sg-rancher-id"
          ]
        }
      ]
    },
    {
      "mode": "managed",
      "type": "aws_s3_bucket",
      "name": "k8s-s3-rancher",
      "provider": "provider.aws",
      "instances": [
        {
          "schema_version": 0,
          "attributes": {
            "acceleration_status": "",
            "acl": "private",
            "arn": "arn:aws:s3:::xxxxxxs3-k8s-rancher-dev",
            "bucket": "xxxxxxs3-k8s-rancher-dev",
            "bucket_domain_name": "xxxxxxs3-k8s-rancher-dev.s3.amazonaws.com",
            "bucket_prefix": null,
            "bucket_regional_domain_name": "xxxxxxs3-k8s-rancher-dev.s3.amazonaws.com",
            "cors_rule": [],
            "force_destroy": false,
            "grant": [],
            "hosted_zone_id": "Z3AQBSTGFYJSTF",
            "id": "xxxxxxs3-k8s-rancher-dev",
            "lifecycle_rule": [],
            "logging": [],
            "object_lock_configuration": [],
            "policy": null,
            "region": "us-east-1",
            "replication_configuration": [],
            "request_payer": "BucketOwner",
            "server_side_encryption_configuration": [
              {
                "rule": [
                  {
                    "apply_server_side_encryption_by_default": [
                      {
                        "kms_master_key_id": "",
                        "sse_algorithm": "AES256"
                      }
                    ],
                    "bucket_key_enabled": false
                  }
                ]
              }
            ],
            "tags": {
              "Ambiente": "PROD",
              "CR": "XXXXXXXXXXXXXX",
              "Name": "xxxxxxs3-k8s-rancher-dev",
              "Onwer": "AlgarTech - CCoE",
              "Projeto": "Plataforma Rancher"
            },
            "versioning": [
              {
                "enabled": false,
                "mfa_delete": false
              }
            ],
            "website": [],
            "website_domain": null,
            "website_endpoint": null
          },
          "private": "bnVsbA=="
        }
      ]
    },
    {
      "mode": "managed",
      "type": "aws_security_group",
      "name": "sg-rancher",
      "provider": "provider.aws",
      "instances": [
        {
          "schema_version": 1,
          "attributes": {
            "arn": "arn:aws:ec2:us-east-1:903866160115:security-group/sg-0fab31edd86d1b068",
            "description": "Security Group Kubernetes",
            "egress": [
              {
                "cidr_blocks": [
                  "0.0.0.0/0"
                ],
                "description": "",
                "from_port": 0,
                "ipv6_cidr_blocks": [],
                "prefix_list_ids": [],
                "protocol": "-1",
                "security_groups": [],
                "self": false,
                "to_port": 0
              }
            ],
            "id": "sg-0fab31edd86d1b068",
            "ingress": [
              {
                "cidr_blocks": [
                  "0.0.0.0/0"
                ],
                "description": "Acesso 22 - External",
                "from_port": 22,
                "ipv6_cidr_blocks": [],
                "prefix_list_ids": [],
                "protocol": "tcp",
                "security_groups": [],
                "self": false,
                "to_port": 22
              },
              {
                "cidr_blocks": [
                  "0.0.0.0/0"
                ],
                "description": "Acesso 443",
                "from_port": 443,
                "ipv6_cidr_blocks": [],
                "prefix_list_ids": [],
                "protocol": "tcp",
                "security_groups": [],
                "self": false,
                "to_port": 443
              },
              {
                "cidr_blocks": [
                  "0.0.0.0/0"
                ],
                "description": "Acesso 80",
                "from_port": 80,
                "ipv6_cidr_blocks": [],
                "prefix_list_ids": [],
                "protocol": "tcp",
                "security_groups": [],
                "self": false,
                "to_port": 80
              }
            ],
            "name": "sg_k8s",
            "name_prefix": "",
            "owner_id": "903866160115",
            "revoke_rules_on_delete": false,
            "tags": {
              "Ambiente": "PROD",
              "CR": "XXXXXXXXXXXXXX",
              "Name": "Security Group Kubernetes",
              "Onwer": "AlgarTech - CCoE",
              "Projeto": "Plataforma Rancher"
            },
            "timeouts": null,
            "vpc_id": "vpc-9d5bd9e0"
          },
          "private": "eyJlMmJmYjczMC1lY2FhLTExZTYtOGY4OC0zNDM2M2JjN2M0YzAiOnsiY3JlYXRlIjo2MDAwMDAwMDAwMDAsImRlbGV0ZSI6OTAwMDAwMDAwMDAwfSwic2NoZW1hX3ZlcnNpb24iOiIxIn0="
        }
      ]
    },
    {
      "mode": "managed",
      "type": "aws_security_group",
      "name": "sg-rancher-id",
      "provider": "provider.aws",
      "instances": [
        {
          "schema_version": 1,
          "attributes": {
            "arn": "arn:aws:ec2:us-east-1:903866160115:security-group/sg-0af683caa3484decc",
            "description": "All Traffic Security Group Kubernetes",
            "egress": [
              {
                "cidr_blocks": [
                  "0.0.0.0/0"
                ],
                "description": "",
                "from_port": 0,
                "ipv6_cidr_blocks": [],
                "prefix_list_ids": [],
                "protocol": "-1",
                "security_groups": [],
                "self": false,
                "to_port": 0
              }
            ],
            "id": "sg-0af683caa3484decc",
            "ingress": [
              {
                "cidr_blocks": [],
                "description": "SG Acesso 6443",
                "from_port": 0,
                "ipv6_cidr_blocks": [],
                "prefix_list_ids": [],
                "protocol": "-1",
                "security_groups": [
                  "sg-0fab31edd86d1b068"
                ],
                "self": false,
                "to_port": 0
              }
            ],
            "name": "sg_k8s_id",
            "name_prefix": "",
            "owner_id": "903866160115",
            "revoke_rules_on_delete": false,
            "tags": {
              "Ambiente": "PROD",
              "CR": "XXXXXXXXXXXXXX",
              "Name": "All Traffic Security Group Kubernetes",
              "Onwer": "AlgarTech - CCoE",
              "Projeto": "Plataforma Rancher"
            },
            "timeouts": null,
            "vpc_id": "vpc-9d5bd9e0"
          },
          "private": "eyJlMmJmYjczMC1lY2FhLTExZTYtOGY4OC0zNDM2M2JjN2M0YzAiOnsiY3JlYXRlIjo2MDAwMDAwMDAwMDAsImRlbGV0ZSI6OTAwMDAwMDAwMDAwfSwic2NoZW1hX3ZlcnNpb24iOiIxIn0=",
          "dependencies": [
            "aws_security_group.sg-rancher"
          ]
        }
      ]
    }
  ]
}
